
Microsoft Visual Studio Solution File, Format Version 12.00
# Visual Studio Version 17
VisualStudioVersion = 17.6.33829.357
MinimumVisualStudioVersion = 10.0.40219.1
Project("{8BC9CEB8-8B4A-11D0-8D11-00A0C91BC942}") = "XR_APILAYER_NOVENDOR_motion_compensation", "XR_APILAYER_NOVENDOR_motion_compensation\XR_APILAYER_NOVENDOR_motion_compensation.vcxproj", "{A772D93D-0E95-4A88-8FE8-A67AB6C57E2B}"
EndProject
Project("{2150E333-8FDC-42A3-9474-1A3956D46DE8}") = "Solution Files", "Solution Files", "{2AD2DAC5-BF72-45E6-8B54-B014646049AB}"
	ProjectSection(SolutionItems) = preProject
		.clang-format = .clang-format
		.gitattributes = .gitattributes
		.gitignore = .gitignore
		LICENSE = LICENSE
		docs\Developers_Manual.md = docs\Developers_Manual.md
		docs\README.md = docs\README.md
	EndProjectSection
EndProject
Project("{2150E333-8FDC-42A3-9474-1A3956D46DE8}") = "Scripts", "Scripts", "{EB45E753-7121-4593-A978-8F31F3F3482B}"
	ProjectSection(SolutionItems) = preProject
		scripts\Install-OpenXR-MotionCompensation.ps1 = scripts\Install-OpenXR-MotionCompensation.ps1
		scripts\Trace_OpenXR-MotionCompensation.wprp = scripts\Trace_OpenXR-MotionCompensation.wprp
		scripts\Uninstall-OpenXR-MotionCompensation.ps1 = scripts\Uninstall-OpenXR-MotionCompensation.ps1
	EndProjectSection
EndProject
Project("{2150E333-8FDC-42A3-9474-1A3956D46DE8}") = "Configuration", "Configuration", "{6897645B-6004-4C49-8128-12812DCD1603}"
	ProjectSection(SolutionItems) = preProject
		configuration\OpenXR-MotionCompensation.ini = configuration\OpenXR-MotionCompensation.ini
	EndProjectSection
EndProject
Project("{FAE04EC0-301F-11D3-BF4B-00C04F79EFBC}") = "MmfReader", "MmfReader\MmfReader.csproj", "{54A184FF-D0F6-44E8-90C9-4097561C5EB9}"
EndProject
Project("{9A19103F-16F7-4668-BE54-9A1E7A4F7556}") = "OxrmcDashboard", "OxrmcDashboard\OxrmcDashboard.csproj", "{B247C7D2-20D6-4A09-8813-B50AD5A888CB}"
EndProject
Project("{9A19103F-16F7-4668-BE54-9A1E7A4F7556}") = "OxrmcDashboardLibrary", "OxrmcDashboardLibrary\OxrmcDashboardLibrary.csproj", "{12C97B53-0258-47D2-A5EF-74C3AA0AA4C2}"
EndProject
Global
	GlobalSection(SolutionConfigurationPlatforms) = preSolution
		Debug|Win32 = Debug|Win32
		Debug|x64 = Debug|x64
		Release|Win32 = Release|Win32
		Release|x64 = Release|x64
	EndGlobalSection
	GlobalSection(ProjectConfigurationPlatforms) = postSolution
		{A772D93D-0E95-4A88-8FE8-A67AB6C57E2B}.Debug|Win32.ActiveCfg = Debug|Win32
		{A772D93D-0E95-4A88-8FE8-A67AB6C57E2B}.Debug|Win32.Build.0 = Debug|Win32
		{A772D93D-0E95-4A88-8FE8-A67AB6C57E2B}.Debug|x64.ActiveCfg = Debug|x64
		{A772D93D-0E95-4A88-8FE8-A67AB6C57E2B}.Debug|x64.Build.0 = Debug|x64
		{A772D93D-0E95-4A88-8FE8-A67AB6C57E2B}.Release|Win32.ActiveCfg = Release|Win32
		{A772D93D-0E95-4A88-8FE8-A67AB6C57E2B}.Release|Win32.Build.0 = Release|Win32
		{A772D93D-0E95-4A88-8FE8-A67AB6C57E2B}.Release|x64.ActiveCfg = Release|x64
		{A772D93D-0E95-4A88-8FE8-A67AB6C57E2B}.Release|x64.Build.0 = Release|x64
		{54A184FF-D0F6-44E8-90C9-4097561C5EB9}.Debug|Win32.ActiveCfg = Debug|Win32
		{54A184FF-D0F6-44E8-90C9-4097561C5EB9}.Debug|x64.ActiveCfg = Debug|x64
		{54A184FF-D0F6-44E8-90C9-4097561C5EB9}.Debug|x64.Build.0 = Debug|x64
		{54A184FF-D0F6-44E8-90C9-4097561C5EB9}.Release|Win32.ActiveCfg = Release|Win32
		{54A184FF-D0F6-44E8-90C9-4097561C5EB9}.Release|x64.ActiveCfg = Release|x64
		{54A184FF-D0F6-44E8-90C9-4097561C5EB9}.Release|x64.Build.0 = Release|x64
		{B247C7D2-20D6-4A09-8813-B50AD5A888CB}.Debug|Win32.ActiveCfg = Debug|Any CPU
		{B247C7D2-20D6-4A09-8813-B50AD5A888CB}.Debug|Win32.Build.0 = Debug|Any CPU
		{B247C7D2-20D6-4A09-8813-B50AD5A888CB}.Debug|x64.ActiveCfg = Debug|Any CPU
		{B247C7D2-20D6-4A09-8813-B50AD5A888CB}.Debug|x64.Build.0 = Debug|Any CPU
		{B247C7D2-20D6-4A09-8813-B50AD5A888CB}.Release|Win32.ActiveCfg = Release|Any CPU
		{B247C7D2-20D6-4A09-8813-B50AD5A888CB}.Release|Win32.Build.0 = Release|Any CPU
		{B247C7D2-20D6-4A09-8813-B50AD5A888CB}.Release|x64.ActiveCfg = Release|Any CPU
		{B247C7D2-20D6-4A09-8813-B50AD5A888CB}.Release|x64.Build.0 = Release|Any CPU
		{12C97B53-0258-47D2-A5EF-74C3AA0AA4C2}.Debug|Win32.ActiveCfg = Debug|Any CPU
		{12C97B53-0258-47D2-A5EF-74C3AA0AA4C2}.Debug|Win32.Build.0 = Debug|Any CPU
		{12C97B53-0258-47D2-A5EF-74C3AA0AA4C2}.Debug|x64.ActiveCfg = Debug|Any CPU
		{12C97B53-0258-47D2-A5EF-74C3AA0AA4C2}.Debug|x64.Build.0 = Debug|Any CPU
		{12C97B53-0258-47D2-A5EF-74C3AA0AA4C2}.Release|Win32.ActiveCfg = Release|Any CPU
		{12C97B53-0258-47D2-A5EF-74C3AA0AA4C2}.Release|Win32.Build.0 = Release|Any CPU
		{12C97B53-0258-47D2-A5EF-74C3AA0AA4C2}.Release|x64.ActiveCfg = Release|Any CPU
		{12C97B53-0258-47D2-A5EF-74C3AA0AA4C2}.Release|x64.Build.0 = Release|Any CPU
	EndGlobalSection
	GlobalSection(SolutionProperties) = preSolution
		HideSolutionNode = FALSE
	EndGlobalSection
	GlobalSection(NestedProjects) = preSolution
		{EB45E753-7121-4593-A978-8F31F3F3482B} = {2AD2DAC5-BF72-45E6-8B54-B014646049AB}
		{6897645B-6004-4C49-8128-12812DCD1603} = {2AD2DAC5-BF72-45E6-8B54-B014646049AB}
	EndGlobalSection
	GlobalSection(ExtensibilityGlobals) = postSolution
		SolutionGuid = {D67936C6-B59B-4A97-9D92-6449BD311018}
	EndGlobalSection
EndGlobal
