<?xml version="1.0" encoding="utf-8"?>
<Project ToolsVersion="4.0" xmlns="http://schemas.microsoft.com/developer/msbuild/2003">
  <ItemGroup>
    <Filter Include="Source Files">
      <UniqueIdentifier>{B1A04B5B-57FE-4AF5-9EAB-B6DB4126E169}</UniqueIdentifier>
      <Extensions>cpp;c;cc;cxx;c++;cppm;ixx;def;odl;idl;hpj;bat;asm;asmx</Extensions>
    </Filter>
    <Filter Include="Header Files">
      <UniqueIdentifier>{39A18EE9-0A50-45B7-BB1B-833D205959DE}</UniqueIdentifier>
      <Extensions>h;hh;hpp;hxx;h++;hm;inl;inc;ipp;xsd</Extensions>
    </Filter>
    <Filter Include="Framework">
      <UniqueIdentifier>{F327583B-6783-44AB-A330-FC917E86A08C}</UniqueIdentifier>
    </Filter>
    <Filter Include="Sounds">
      <UniqueIdentifier>{e13eb219-74c7-4c3c-88cb-294dc1c6b62e}</UniqueIdentifier>
    </Filter>
  </ItemGroup>
  <ItemGroup>
    <ClInclude Include="pch.h">
      <Filter>Header Files</Filter>
    </ClInclude>
    <ClInclude Include="layer.h">
      <Filter>Header Files</Filter>
    </ClInclude>
    <ClInclude Include="framework\dispatch.gen.h">
      <Filter>Framework</Filter>
    </ClInclude>
    <ClInclude Include="framework\dispatch.h">
      <Filter>Framework</Filter>
    </ClInclude>
    <ClInclude Include="framework\log.h">
      <Filter>Framework</Filter>
    </ClInclude>
    <ClInclude Include="framework\util.h">
      <Filter>Framework</Filter>
    </ClInclude>
    <ClInclude Include="tracker.h">
      <Filter>Header Files</Filter>
    </ClInclude>
    <ClInclude Include="utility.h">
      <Filter>Header Files</Filter>
    </ClInclude>
    <ClInclude Include="config.h">
      <Filter>Header Files</Filter>
    </ClInclude>
    <ClInclude Include="filter.h">
      <Filter>Header Files</Filter>
    </ClInclude>
    <ClInclude Include="output.h">
      <Filter>Header Files</Filter>
    </ClInclude>
    <ClInclude Include="resource.h">
      <Filter>Header Files</Filter>
    </ClInclude>
    <ClInclude Include="overlay.h">
      <Filter>Header Files</Filter>
    </ClInclude>
    <ClInclude Include="input.h">
      <Filter>Header Files</Filter>
    </ClInclude>
    <ClInclude Include="graphics.h">
      <Filter>Header Files</Filter>
    </ClInclude>
    <ClInclude Include="modifier.h">
      <Filter>Header Files</Filter>
    </ClInclude>
    <ClInclude Include="sampler.h">
      <Filter>Header Files</Filter>
    </ClInclude>
  </ItemGroup>
  <ItemGroup>
    <ClCompile Include="pch.cpp">
      <Filter>Source Files</Filter>
    </ClCompile>
    <ClCompile Include="layer.cpp">
      <Filter>Source Files</Filter>
    </ClCompile>
    <ClCompile Include="framework\dispatch.cpp">
      <Filter>Framework</Filter>
    </ClCompile>
    <ClCompile Include="framework\dispatch.gen.cpp">
      <Filter>Framework</Filter>
    </ClCompile>
    <ClCompile Include="framework\entry.cpp">
      <Filter>Framework</Filter>
    </ClCompile>
    <ClCompile Include="framework\log.cpp">
      <Filter>Framework</Filter>
    </ClCompile>
    <ClCompile Include="tracker.cpp">
      <Filter>Source Files</Filter>
    </ClCompile>
    <ClCompile Include="utility.cpp">
      <Filter>Source Files</Filter>
    </ClCompile>
    <ClCompile Include="config.cpp">
      <Filter>Source Files</Filter>
    </ClCompile>
    <ClCompile Include="filter.cpp">
      <Filter>Source Files</Filter>
    </ClCompile>
    <ClCompile Include="output.cpp">
      <Filter>Source Files</Filter>
    </ClCompile>
    <ClCompile Include="d3d11.cpp">
      <Filter>Source Files</Filter>
    </ClCompile>
    <ClCompile Include="overlay.cpp">
      <Filter>Source Files</Filter>
    </ClCompile>
    <ClCompile Include="d3d12.cpp">
      <Filter>Source Files</Filter>
    </ClCompile>
    <ClCompile Include="input.cpp">
      <Filter>Source Files</Filter>
    </ClCompile>
    <ClCompile Include="composition.cpp">
      <Filter>Source Files</Filter>
    </ClCompile>
    <ClCompile Include="modifier.cpp">
      <Filter>Source Files</Filter>
    </ClCompile>
    <ClCompile Include="sampler.cpp">
      <Filter>Source Files</Filter>
    </ClCompile>
  </ItemGroup>
  <ItemGroup>
    <None Include="XR_APILAYER_NOVENDOR_motion_compensation.json" />
    <None Include="framework\dispatch_generator.py">
      <Filter>Framework</Filter>
    </None>
    <None Include="framework\layer_apis.py">
      <Filter>Framework</Filter>
    </None>
    <None Include="packages.config" />
    <None Include="XR_APILAYER_NOVENDOR_motion_compensation_32.json" />
  </ItemGroup>
  <ItemGroup>
    <ResourceCompile Include="Sounds.rc" />
  </ItemGroup>
  <ItemGroup>
    <Media Include="sounds\up.wav">
      <Filter>Sounds</Filter>
    </Media>
    <Media Include="sounds\saved.wav">
      <Filter>Sounds</Filter>
    </Media>
    <Media Include="sounds\plus.wav">
      <Filter>Sounds</Filter>
    </Media>
    <Media Include="sounds\right.wav">
      <Filter>Sounds</Filter>
    </Media>
    <Media Include="sounds\minus.wav">
      <Filter>Sounds</Filter>
    </Media>
    <Media Include="sounds\max.wav">
      <Filter>Sounds</Filter>
    </Media>
    <Media Include="sounds\min.wav">
      <Filter>Sounds</Filter>
    </Media>
    <Media Include="sounds\activated.wav">
      <Filter>Sounds</Filter>
    </Media>
    <Media Include="sounds\back.wav">
      <Filter>Sounds</Filter>
    </Media>
    <Media Include="sounds\calibrated.wav">
      <Filter>Sounds</Filter>
    </Media>
    <Media Include="sounds\deactivated.wav">
      <Filter>Sounds</Filter>
    </Media>
    <Media Include="sounds\debug_off.wav">
      <Filter>Sounds</Filter>
    </Media>
    <Media Include="sounds\debug_on.wav">
      <Filter>Sounds</Filter>
    </Media>
    <Media Include="sounds\down.wav">
      <Filter>Sounds</Filter>
    </Media>
    <Media Include="sounds\error.wav">
      <Filter>Sounds</Filter>
    </Media>
    <Media Include="sounds\forward.wav">
      <Filter>Sounds</Filter>
    </Media>
    <Media Include="sounds\left.wav">
      <Filter>Sounds</Filter>
    </Media>
    <Media Include="sounds\loaded.wav">
      <Filter>Sounds</Filter>
    </Media>
    <Media Include="sounds\rot_left.wav">
      <Filter>Sounds</Filter>
    </Media>
    <Media Include="sounds\rot_right.wav">
      <Filter>Sounds</Filter>
    </Media>
    <Media Include="sounds\connection_lost.wav">
      <Filter>Sounds</Filter>
    </Media>
    <Media Include="sounds\eye_cached.wav">
      <Filter>Sounds</Filter>
    </Media>
    <Media Include="sounds\eye_calculation.wav">
      <Filter>Sounds</Filter>
    </Media>
    <Media Include="sounds\overlay_off.wav">
      <Filter>Sounds</Filter>
    </Media>
    <Media Include="sounds\overlay_on.wav">
      <Filter>Sounds</Filter>
    </Media>
    <Media Include="sounds\0.wav">
      <Filter>Sounds</Filter>
    </Media>
    <Media Include="sounds\1.wav">
      <Filter>Sounds</Filter>
    </Media>
    <Media Include="sounds\2.wav">
      <Filter>Sounds</Filter>
    </Media>
    <Media Include="sounds\3.wav">
      <Filter>Sounds</Filter>
    </Media>
    <Media Include="sounds\4.wav">
      <Filter>Sounds</Filter>
    </Media>
    <Media Include="sounds\5.wav">
      <Filter>Sounds</Filter>
    </Media>
    <Media Include="sounds\6.wav">
      <Filter>Sounds</Filter>
    </Media>
    <Media Include="sounds\7.wav">
      <Filter>Sounds</Filter>
    </Media>
    <Media Include="sounds\8.wav">
      <Filter>Sounds</Filter>
    </Media>
    <Media Include="sounds\9.wav">
      <Filter>Sounds</Filter>
    </Media>
    <Media Include="sounds\10.wav">
      <Filter>Sounds</Filter>
    </Media>
    <Media Include="sounds\point.wav">
      <Filter>Sounds</Filter>
    </Media>
    <Media Include="sounds\modifier_on.wav">
      <Filter>Sounds</Filter>
    </Media>
    <Media Include="sounds\modifier_off.wav">
      <Filter>Sounds</Filter>
    </Media>
    <Media Include="sounds\verbose_off.wav">
      <Filter>Sounds</Filter>
    </Media>
    <Media Include="sounds\verbose_on.wav">
      <Filter>Sounds</Filter>
    </Media>
    <Media Include="sounds\calibration_lost.wav">
      <Filter>Sounds</Filter>
    </Media>
    <Media Include="sounds\recorder_off.wav">
      <Filter>Sounds</Filter>
    </Media>
    <Media Include="sounds\recorder_on.wav">
      <Filter>Sounds</Filter>
    </Media>
    <Media Include="sounds\stabilizer_off.wav">
      <Filter>Sounds</Filter>
    </Media>
    <Media Include="sounds\stabilizer_on.wav">
      <Filter>Sounds</Filter>
    </Media>
  </ItemGroup>
</Project>